
Microsoft Visual Studio Solution File, Format Version 12.00
# Visual Studio Version 17
VisualStudioVersion = 17.14.37012.4 d17.14
MinimumVisualStudioVersion = 10.0.40219.1
Project("{FAE04EC0-301F-11D3-BF4B-00C04F79EFBC}") = "Connect_Four", "Connect_Four.csproj", "{B1507D00-A26C-43F8-AC13-EC3A48F669AF}"
EndProject
Global
	GlobalSection(SolutionConfigurationPlatforms) = preSolution
		Debug|Any CPU = Debug|Any CPU
		Release|Any CPU = Release|Any CPU
	EndGlobalSection
	GlobalSection(ProjectConfigurationPlatforms) = postSolution
		{B1507D00-A26C-43F8-AC13-EC3A48F669AF}.Debug|Any CPU.ActiveCfg = Debug|Any CPU
		{B1507D00-A26C-43F8-AC13-EC3A48F669AF}.Debug|Any CPU.Build.0 = Debug|Any CPU
		{B1507D00-A26C-43F8-AC13-EC3A48F669AF}.Release|Any CPU.ActiveCfg = Release|Any CPU
		{B1507D00-A26C-43F8-AC13-EC3A48F669AF}.Release|Any CPU.Build.0 = Release|Any CPU
	EndGlobalSection
	GlobalSection(SolutionProperties) = preSolution
		HideSolutionNode = FALSE
	EndGlobalSection
	GlobalSection(ExtensibilityGlobals) = postSolution
		SolutionGuid = {ED8B34F9-7182-4D38-A190-AA39020B8855}
	EndGlobalSection
EndGlobal
